
Microsoft Visual Studio Solution File, Format Version 12.00
# Visual Studio Version 16
VisualStudioVersion = 16.0.33130.400
MinimumVisualStudioVersion = 10.0.40219.1
Project("{8BC9CEB8-8B4A-11D0-8D11-00A0C91BC942}") = "Singleton", "Singleton\Singleton.vcxproj", "{BA700416-344E-41F3-BB6C-29DA233A5AB7}"
EndProject
Project("{8BC9CEB8-8B4A-11D0-8D11-00A0C91BC942}") = "Builder", "Builder\Builder.vcxproj", "{8CED2F34-759B-413A-A626-E3C5ED0ED8DC}"
EndProject
Project("{8BC9CEB8-8B4A-11D0-8D11-00A0C91BC942}") = "Factory", "Factory\Factory.vcxproj", "{2489162D-6848-4246-B01A-3465122DCEB7}"
EndProject
Project("{8BC9CEB8-8B4A-11D0-8D11-00A0C91BC942}") = "AbstructFactory", "AbstructFactory\AbstructFactory.vcxproj", "{D85D702F-9E9E-4F26-9917-321AE913DDB5}"
EndProject
Project("{8BC9CEB8-8B4A-11D0-8D11-00A0C91BC942}") = "Prototype", "Prototype\Prototype.vcxproj", "{CD075D1F-BBD5-438E-908F-ACA6E049FC74}"
EndProject
Project("{8BC9CEB8-8B4A-11D0-8D11-00A0C91BC942}") = "Adapter", "Adapter\Adapter.vcxproj", "{40A0DCFD-15AF-4001-A4B0-C29EE3F70CD1}"
EndProject
Project("{8BC9CEB8-8B4A-11D0-8D11-00A0C91BC942}") = "FacadeMode", "FacadeMode\FacadeMode.vcxproj", "{C2DE9F5A-2834-42AB-816A-4971B33D481F}"
EndProject
Project("{8BC9CEB8-8B4A-11D0-8D11-00A0C91BC942}") = "FlyWeightMode", "FlyWeightMode\FlyWeightMode.vcxproj", "{A31E1854-281D-49D0-9B97-457EBF22B45D}"
EndProject
Project("{8BC9CEB8-8B4A-11D0-8D11-00A0C91BC942}") = "ProxyMode", "ProxyMode\ProxyMode.vcxproj", "{048490AF-FDB4-4252-A85F-2328BA989059}"
EndProject
Project("{8BC9CEB8-8B4A-11D0-8D11-00A0C91BC942}") = "Decarate", "Decarate\Decarate.vcxproj", "{CF44D67B-F2EA-4780-A872-C5C647DD091D}"
EndProject
Project("{8BC9CEB8-8B4A-11D0-8D11-00A0C91BC942}") = "Composite", "Composite\Composite.vcxproj", "{ABB6B659-9AE3-4821-A6FD-F9E2AB962021}"
EndProject
Project("{8BC9CEB8-8B4A-11D0-8D11-00A0C91BC942}") = "Bridging", "Bridging\Bridging.vcxproj", "{1432F75D-B94F-48EA-94A4-E56AF6CB7EFE}"
EndProject
Project("{8BC9CEB8-8B4A-11D0-8D11-00A0C91BC942}") = "TemplateMethod", "TemplateMethod\TemplateMethod.vcxproj", "{D6047254-85B6-4F7E-A2C3-196FC20E422F}"
EndProject
Project("{8BC9CEB8-8B4A-11D0-8D11-00A0C91BC942}") = "Strategy", "Strategy\Strategy.vcxproj", "{26A4111D-3557-45F0-9171-18B77FEFC60E}"
EndProject
Project("{8BC9CEB8-8B4A-11D0-8D11-00A0C91BC942}") = "Observer", "Observer\Observer.vcxproj", "{FB6741CE-ACDB-42FD-867C-E24B61CB4DE4}"
EndProject
Project("{8BC9CEB8-8B4A-11D0-8D11-00A0C91BC942}") = "Command", "Command\Command.vcxproj", "{C1315A46-3FA9-4AF8-99DF-0BE37502B832}"
EndProject
Project("{8BC9CEB8-8B4A-11D0-8D11-00A0C91BC942}") = "ChainOfRespon", "ChainOfRespon\ChainOfRespon.vcxproj", "{45D4F6E9-DDEE-41EA-A9BB-AA0CE8581729}"
EndProject
Project("{8BC9CEB8-8B4A-11D0-8D11-00A0C91BC942}") = "state", "state\state.vcxproj", "{8548D85B-4857-48AF-B0AE-4BA60D423E4F}"
EndProject
Project("{8BC9CEB8-8B4A-11D0-8D11-00A0C91BC942}") = "Mediator", "Mediator\Mediator.vcxproj", "{223C3AE6-8EB8-4FA4-9915-73A51FAD099A}"
EndProject
Global
	GlobalSection(SolutionConfigurationPlatforms) = preSolution
		Debug|x64 = Debug|x64
		Debug|x86 = Debug|x86
		Release|x64 = Release|x64
		Release|x86 = Release|x86
	EndGlobalSection
	GlobalSection(ProjectConfigurationPlatforms) = postSolution
		{BA700416-344E-41F3-BB6C-29DA233A5AB7}.Debug|x64.ActiveCfg = Debug|x64
		{BA700416-344E-41F3-BB6C-29DA233A5AB7}.Debug|x64.Build.0 = Debug|x64
		{BA700416-344E-41F3-BB6C-29DA233A5AB7}.Debug|x86.ActiveCfg = Debug|Win32
		{BA700416-344E-41F3-BB6C-29DA233A5AB7}.Debug|x86.Build.0 = Debug|Win32
		{BA700416-344E-41F3-BB6C-29DA233A5AB7}.Release|x64.ActiveCfg = Release|x64
		{BA700416-344E-41F3-BB6C-29DA233A5AB7}.Release|x64.Build.0 = Release|x64
		{BA700416-344E-41F3-BB6C-29DA233A5AB7}.Release|x86.ActiveCfg = Release|Win32
		{BA700416-344E-41F3-BB6C-29DA233A5AB7}.Release|x86.Build.0 = Release|Win32
		{8CED2F34-759B-413A-A626-E3C5ED0ED8DC}.Debug|x64.ActiveCfg = Debug|x64
		{8CED2F34-759B-413A-A626-E3C5ED0ED8DC}.Debug|x64.Build.0 = Debug|x64
		{8CED2F34-759B-413A-A626-E3C5ED0ED8DC}.Debug|x86.ActiveCfg = Debug|Win32
		{8CED2F34-759B-413A-A626-E3C5ED0ED8DC}.Debug|x86.Build.0 = Debug|Win32
		{8CED2F34-759B-413A-A626-E3C5ED0ED8DC}.Release|x64.ActiveCfg = Release|x64
		{8CED2F34-759B-413A-A626-E3C5ED0ED8DC}.Release|x64.Build.0 = Release|x64
		{8CED2F34-759B-413A-A626-E3C5ED0ED8DC}.Release|x86.ActiveCfg = Release|Win32
		{8CED2F34-759B-413A-A626-E3C5ED0ED8DC}.Release|x86.Build.0 = Release|Win32
		{2489162D-6848-4246-B01A-3465122DCEB7}.Debug|x64.ActiveCfg = Debug|x64
		{2489162D-6848-4246-B01A-3465122DCEB7}.Debug|x64.Build.0 = Debug|x64
		{2489162D-6848-4246-B01A-3465122DCEB7}.Debug|x86.ActiveCfg = Debug|Win32
		{2489162D-6848-4246-B01A-3465122DCEB7}.Debug|x86.Build.0 = Debug|Win32
		{2489162D-6848-4246-B01A-3465122DCEB7}.Release|x64.ActiveCfg = Release|x64
		{2489162D-6848-4246-B01A-3465122DCEB7}.Release|x64.Build.0 = Release|x64
		{2489162D-6848-4246-B01A-3465122DCEB7}.Release|x86.ActiveCfg = Release|Win32
		{2489162D-6848-4246-B01A-3465122DCEB7}.Release|x86.Build.0 = Release|Win32
		{D85D702F-9E9E-4F26-9917-321AE913DDB5}.Debug|x64.ActiveCfg = Debug|x64
		{D85D702F-9E9E-4F26-9917-321AE913DDB5}.Debug|x64.Build.0 = Debug|x64
		{D85D702F-9E9E-4F26-9917-321AE913DDB5}.Debug|x86.ActiveCfg = Debug|Win32
		{D85D702F-9E9E-4F26-9917-321AE913DDB5}.Debug|x86.Build.0 = Debug|Win32
		{D85D702F-9E9E-4F26-9917-321AE913DDB5}.Release|x64.ActiveCfg = Release|x64
		{D85D702F-9E9E-4F26-9917-321AE913DDB5}.Release|x64.Build.0 = Release|x64
		{D85D702F-9E9E-4F26-9917-321AE913DDB5}.Release|x86.ActiveCfg = Release|Win32
		{D85D702F-9E9E-4F26-9917-321AE913DDB5}.Release|x86.Build.0 = Release|Win32
		{CD075D1F-BBD5-438E-908F-ACA6E049FC74}.Debug|x64.ActiveCfg = Debug|x64
		{CD075D1F-BBD5-438E-908F-ACA6E049FC74}.Debug|x64.Build.0 = Debug|x64
		{CD075D1F-BBD5-438E-908F-ACA6E049FC74}.Debug|x86.ActiveCfg = Debug|Win32
		{CD075D1F-BBD5-438E-908F-ACA6E049FC74}.Debug|x86.Build.0 = Debug|Win32
		{CD075D1F-BBD5-438E-908F-ACA6E049FC74}.Release|x64.ActiveCfg = Release|x64
		{CD075D1F-BBD5-438E-908F-ACA6E049FC74}.Release|x64.Build.0 = Release|x64
		{CD075D1F-BBD5-438E-908F-ACA6E049FC74}.Release|x86.ActiveCfg = Release|Win32
		{CD075D1F-BBD5-438E-908F-ACA6E049FC74}.Release|x86.Build.0 = Release|Win32
		{40A0DCFD-15AF-4001-A4B0-C29EE3F70CD1}.Debug|x64.ActiveCfg = Debug|x64
		{40A0DCFD-15AF-4001-A4B0-C29EE3F70CD1}.Debug|x64.Build.0 = Debug|x64
		{40A0DCFD-15AF-4001-A4B0-C29EE3F70CD1}.Debug|x86.ActiveCfg = Debug|Win32
		{40A0DCFD-15AF-4001-A4B0-C29EE3F70CD1}.Debug|x86.Build.0 = Debug|Win32
		{40A0DCFD-15AF-4001-A4B0-C29EE3F70CD1}.Release|x64.ActiveCfg = Release|x64
		{40A0DCFD-15AF-4001-A4B0-C29EE3F70CD1}.Release|x64.Build.0 = Release|x64
		{40A0DCFD-15AF-4001-A4B0-C29EE3F70CD1}.Release|x86.ActiveCfg = Release|Win32
		{40A0DCFD-15AF-4001-A4B0-C29EE3F70CD1}.Release|x86.Build.0 = Release|Win32
		{C2DE9F5A-2834-42AB-816A-4971B33D481F}.Debug|x64.ActiveCfg = Debug|x64
		{C2DE9F5A-2834-42AB-816A-4971B33D481F}.Debug|x64.Build.0 = Debug|x64
		{C2DE9F5A-2834-42AB-816A-4971B33D481F}.Debug|x86.ActiveCfg = Debug|Win32
		{C2DE9F5A-2834-42AB-816A-4971B33D481F}.Debug|x86.Build.0 = Debug|Win32
		{C2DE9F5A-2834-42AB-816A-4971B33D481F}.Release|x64.ActiveCfg = Release|x64
		{C2DE9F5A-2834-42AB-816A-4971B33D481F}.Release|x64.Build.0 = Release|x64
		{C2DE9F5A-2834-42AB-816A-4971B33D481F}.Release|x86.ActiveCfg = Release|Win32
		{C2DE9F5A-2834-42AB-816A-4971B33D481F}.Release|x86.Build.0 = Release|Win32
		{A31E1854-281D-49D0-9B97-457EBF22B45D}.Debug|x64.ActiveCfg = Debug|x64
		{A31E1854-281D-49D0-9B97-457EBF22B45D}.Debug|x64.Build.0 = Debug|x64
		{A31E1854-281D-49D0-9B97-457EBF22B45D}.Debug|x86.ActiveCfg = Debug|Win32
		{A31E1854-281D-49D0-9B97-457EBF22B45D}.Debug|x86.Build.0 = Debug|Win32
		{A31E1854-281D-49D0-9B97-457EBF22B45D}.Release|x64.ActiveCfg = Release|x64
		{A31E1854-281D-49D0-9B97-457EBF22B45D}.Release|x64.Build.0 = Release|x64
		{A31E1854-281D-49D0-9B97-457EBF22B45D}.Release|x86.ActiveCfg = Release|Win32
		{A31E1854-281D-49D0-9B97-457EBF22B45D}.Release|x86.Build.0 = Release|Win32
		{048490AF-FDB4-4252-A85F-2328BA989059}.Debug|x64.ActiveCfg = Debug|x64
		{048490AF-FDB4-4252-A85F-2328BA989059}.Debug|x64.Build.0 = Debug|x64
		{048490AF-FDB4-4252-A85F-2328BA989059}.Debug|x86.ActiveCfg = Debug|Win32
		{048490AF-FDB4-4252-A85F-2328BA989059}.Debug|x86.Build.0 = Debug|Win32
		{048490AF-FDB4-4252-A85F-2328BA989059}.Release|x64.ActiveCfg = Release|x64
		{048490AF-FDB4-4252-A85F-2328BA989059}.Release|x64.Build.0 = Release|x64
		{048490AF-FDB4-4252-A85F-2328BA989059}.Release|x86.ActiveCfg = Release|Win32
		{048490AF-FDB4-4252-A85F-2328BA989059}.Release|x86.Build.0 = Release|Win32
		{CF44D67B-F2EA-4780-A872-C5C647DD091D}.Debug|x64.ActiveCfg = Debug|x64
		{CF44D67B-F2EA-4780-A872-C5C647DD091D}.Debug|x64.Build.0 = Debug|x64
		{CF44D67B-F2EA-4780-A872-C5C647DD091D}.Debug|x86.ActiveCfg = Debug|Win32
		{CF44D67B-F2EA-4780-A872-C5C647DD091D}.Debug|x86.Build.0 = Debug|Win32
		{CF44D67B-F2EA-4780-A872-C5C647DD091D}.Release|x64.ActiveCfg = Release|x64
		{CF44D67B-F2EA-4780-A872-C5C647DD091D}.Release|x64.Build.0 = Release|x64
		{CF44D67B-F2EA-4780-A872-C5C647DD091D}.Release|x86.ActiveCfg = Release|Win32
		{CF44D67B-F2EA-4780-A872-C5C647DD091D}.Release|x86.Build.0 = Release|Win32
		{ABB6B659-9AE3-4821-A6FD-F9E2AB962021}.Debug|x64.ActiveCfg = Debug|x64
		{ABB6B659-9AE3-4821-A6FD-F9E2AB962021}.Debug|x64.Build.0 = Debug|x64
		{ABB6B659-9AE3-4821-A6FD-F9E2AB962021}.Debug|x86.ActiveCfg = Debug|Win32
		{ABB6B659-9AE3-4821-A6FD-F9E2AB962021}.Debug|x86.Build.0 = Debug|Win32
		{ABB6B659-9AE3-4821-A6FD-F9E2AB962021}.Release|x64.ActiveCfg = Release|x64
		{ABB6B659-9AE3-4821-A6FD-F9E2AB962021}.Release|x64.Build.0 = Release|x64
		{ABB6B659-9AE3-4821-A6FD-F9E2AB962021}.Release|x86.ActiveCfg = Release|Win32
		{ABB6B659-9AE3-4821-A6FD-F9E2AB962021}.Release|x86.Build.0 = Release|Win32
		{1432F75D-B94F-48EA-94A4-E56AF6CB7EFE}.Debug|x64.ActiveCfg = Debug|x64
		{1432F75D-B94F-48EA-94A4-E56AF6CB7EFE}.Debug|x64.Build.0 = Debug|x64
		{1432F75D-B94F-48EA-94A4-E56AF6CB7EFE}.Debug|x86.ActiveCfg = Debug|Win32
		{1432F75D-B94F-48EA-94A4-E56AF6CB7EFE}.Debug|x86.Build.0 = Debug|Win32
		{1432F75D-B94F-48EA-94A4-E56AF6CB7EFE}.Release|x64.ActiveCfg = Release|x64
		{1432F75D-B94F-48EA-94A4-E56AF6CB7EFE}.Release|x64.Build.0 = Release|x64
		{1432F75D-B94F-48EA-94A4-E56AF6CB7EFE}.Release|x86.ActiveCfg = Release|Win32
		{1432F75D-B94F-48EA-94A4-E56AF6CB7EFE}.Release|x86.Build.0 = Release|Win32
		{D6047254-85B6-4F7E-A2C3-196FC20E422F}.Debug|x64.ActiveCfg = Debug|x64
		{D6047254-85B6-4F7E-A2C3-196FC20E422F}.Debug|x64.Build.0 = Debug|x64
		{D6047254-85B6-4F7E-A2C3-196FC20E422F}.Debug|x86.ActiveCfg = Debug|Win32
		{D6047254-85B6-4F7E-A2C3-196FC20E422F}.Debug|x86.Build.0 = Debug|Win32
		{D6047254-85B6-4F7E-A2C3-196FC20E422F}.Release|x64.ActiveCfg = Release|x64
		{D6047254-85B6-4F7E-A2C3-196FC20E422F}.Release|x64.Build.0 = Release|x64
		{D6047254-85B6-4F7E-A2C3-196FC20E422F}.Release|x86.ActiveCfg = Release|Win32
		{D6047254-85B6-4F7E-A2C3-196FC20E422F}.Release|x86.Build.0 = Release|Win32
		{26A4111D-3557-45F0-9171-18B77FEFC60E}.Debug|x64.ActiveCfg = Debug|x64
		{26A4111D-3557-45F0-9171-18B77FEFC60E}.Debug|x64.Build.0 = Debug|x64
		{26A4111D-3557-45F0-9171-18B77FEFC60E}.Debug|x86.ActiveCfg = Debug|Win32
		{26A4111D-3557-45F0-9171-18B77FEFC60E}.Debug|x86.Build.0 = Debug|Win32
		{26A4111D-3557-45F0-9171-18B77FEFC60E}.Release|x64.ActiveCfg = Release|x64
		{26A4111D-3557-45F0-9171-18B77FEFC60E}.Release|x64.Build.0 = Release|x64
		{26A4111D-3557-45F0-9171-18B77FEFC60E}.Release|x86.ActiveCfg = Release|Win32
		{26A4111D-3557-45F0-9171-18B77FEFC60E}.Release|x86.Build.0 = Release|Win32
		{FB6741CE-ACDB-42FD-867C-E24B61CB4DE4}.Debug|x64.ActiveCfg = Debug|x64
		{FB6741CE-ACDB-42FD-867C-E24B61CB4DE4}.Debug|x64.Build.0 = Debug|x64
		{FB6741CE-ACDB-42FD-867C-E24B61CB4DE4}.Debug|x86.ActiveCfg = Debug|Win32
		{FB6741CE-ACDB-42FD-867C-E24B61CB4DE4}.Debug|x86.Build.0 = Debug|Win32
		{FB6741CE-ACDB-42FD-867C-E24B61CB4DE4}.Release|x64.ActiveCfg = Release|x64
		{FB6741CE-ACDB-42FD-867C-E24B61CB4DE4}.Release|x64.Build.0 = Release|x64
		{FB6741CE-ACDB-42FD-867C-E24B61CB4DE4}.Release|x86.ActiveCfg = Release|Win32
		{FB6741CE-ACDB-42FD-867C-E24B61CB4DE4}.Release|x86.Build.0 = Release|Win32
		{C1315A46-3FA9-4AF8-99DF-0BE37502B832}.Debug|x64.ActiveCfg = Debug|x64
		{C1315A46-3FA9-4AF8-99DF-0BE37502B832}.Debug|x64.Build.0 = Debug|x64
		{C1315A46-3FA9-4AF8-99DF-0BE37502B832}.Debug|x86.ActiveCfg = Debug|Win32
		{C1315A46-3FA9-4AF8-99DF-0BE37502B832}.Debug|x86.Build.0 = Debug|Win32
		{C1315A46-3FA9-4AF8-99DF-0BE37502B832}.Release|x64.ActiveCfg = Release|x64
		{C1315A46-3FA9-4AF8-99DF-0BE37502B832}.Release|x64.Build.0 = Release|x64
		{C1315A46-3FA9-4AF8-99DF-0BE37502B832}.Release|x86.ActiveCfg = Release|Win32
		{C1315A46-3FA9-4AF8-99DF-0BE37502B832}.Release|x86.Build.0 = Release|Win32
		{45D4F6E9-DDEE-41EA-A9BB-AA0CE8581729}.Debug|x64.ActiveCfg = Debug|x64
		{45D4F6E9-DDEE-41EA-A9BB-AA0CE8581729}.Debug|x64.Build.0 = Debug|x64
		{45D4F6E9-DDEE-41EA-A9BB-AA0CE8581729}.Debug|x86.ActiveCfg = Debug|Win32
		{45D4F6E9-DDEE-41EA-A9BB-AA0CE8581729}.Debug|x86.Build.0 = Debug|Win32
		{45D4F6E9-DDEE-41EA-A9BB-AA0CE8581729}.Release|x64.ActiveCfg = Release|x64
		{45D4F6E9-DDEE-41EA-A9BB-AA0CE8581729}.Release|x64.Build.0 = Release|x64
		{45D4F6E9-DDEE-41EA-A9BB-AA0CE8581729}.Release|x86.ActiveCfg = Release|Win32
		{45D4F6E9-DDEE-41EA-A9BB-AA0CE8581729}.Release|x86.Build.0 = Release|Win32
		{8548D85B-4857-48AF-B0AE-4BA60D423E4F}.Debug|x64.ActiveCfg = Debug|x64
		{8548D85B-4857-48AF-B0AE-4BA60D423E4F}.Debug|x64.Build.0 = Debug|x64
		{8548D85B-4857-48AF-B0AE-4BA60D423E4F}.Debug|x86.ActiveCfg = Debug|Win32
		{8548D85B-4857-48AF-B0AE-4BA60D423E4F}.Debug|x86.Build.0 = Debug|Win32
		{8548D85B-4857-48AF-B0AE-4BA60D423E4F}.Release|x64.ActiveCfg = Release|x64
		{8548D85B-4857-48AF-B0AE-4BA60D423E4F}.Release|x64.Build.0 = Release|x64
		{8548D85B-4857-48AF-B0AE-4BA60D423E4F}.Release|x86.ActiveCfg = Release|Win32
		{8548D85B-4857-48AF-B0AE-4BA60D423E4F}.Release|x86.Build.0 = Release|Win32
		{223C3AE6-8EB8-4FA4-9915-73A51FAD099A}.Debug|x64.ActiveCfg = Debug|x64
		{223C3AE6-8EB8-4FA4-9915-73A51FAD099A}.Debug|x64.Build.0 = Debug|x64
		{223C3AE6-8EB8-4FA4-9915-73A51FAD099A}.Debug|x86.ActiveCfg = Debug|Win32
		{223C3AE6-8EB8-4FA4-9915-73A51FAD099A}.Debug|x86.Build.0 = Debug|Win32
		{223C3AE6-8EB8-4FA4-9915-73A51FAD099A}.Release|x64.ActiveCfg = Release|x64
		{223C3AE6-8EB8-4FA4-9915-73A51FAD099A}.Release|x64.Build.0 = Release|x64
		{223C3AE6-8EB8-4FA4-9915-73A51FAD099A}.Release|x86.ActiveCfg = Release|Win32
		{223C3AE6-8EB8-4FA4-9915-73A51FAD099A}.Release|x86.Build.0 = Release|Win32
	EndGlobalSection
	GlobalSection(SolutionProperties) = preSolution
		HideSolutionNode = FALSE
	EndGlobalSection
	GlobalSection(ExtensibilityGlobals) = postSolution
		SolutionGuid = {CE6FFC49-755C-4E2C-8F6C-B09753D12698}
	EndGlobalSection
EndGlobal
